// !$*UTF8*$!
{
	archiveVersion = 1;
	classes = {
	};
	objectVersion = 51;
	objects = {

/* Begin PBXBuildFile section */
		0E4FF3AC26EA439B00437262 /* EvolutionViewController.swift in Sources */ = {isa = PBXBuildFile; fileRef = 0E4FF3AB26EA439B00437262 /* EvolutionViewController.swift */; };
		0E85D58926E9587B001A814F /* DayCollectionViewCell.swift in Sources */ = {isa = PBXBuildFile; fileRef = 0E85D58826E9587B001A814F /* DayCollectionViewCell.swift */; };
		0E85D58B26E958F1001A814F /* Day.swift in Sources */ = {isa = PBXBuildFile; fileRef = 0E85D58A26E958F1001A814F /* Day.swift */; };
		0E98C19026E1577A00C6FFF8 /* Month.swift in Sources */ = {isa = PBXBuildFile; fileRef = 0E98C18F26E1577A00C6FFF8 /* Month.swift */; };
		0E98C19226E158A400C6FFF8 /* DashboardViewController.swift in Sources */ = {isa = PBXBuildFile; fileRef = 0E98C19126E158A400C6FFF8 /* DashboardViewController.swift */; };
		0E98C19426E163AF00C6FFF8 /* MonthCollectionViewCell.swift in Sources */ = {isa = PBXBuildFile; fileRef = 0E98C19326E163AF00C6FFF8 /* MonthCollectionViewCell.swift */; };
		0E98C19626E25DAD00C6FFF8 /* DashboardHabitTableViewCell.swift in Sources */ = {isa = PBXBuildFile; fileRef = 0E98C19526E25DAD00C6FFF8 /* DashboardHabitTableViewCell.swift */; };
		5B0CE72B26DDCD040065E1A9 /* AppDelegate.swift in Sources */ = {isa = PBXBuildFile; fileRef = 5B0CE72A26DDCD040065E1A9 /* AppDelegate.swift */; };
		5B0CE72D26DDCD040065E1A9 /* SceneDelegate.swift in Sources */ = {isa = PBXBuildFile; fileRef = 5B0CE72C26DDCD040065E1A9 /* SceneDelegate.swift */; };
		5B0CE73226DDCD040065E1A9 /* Main.storyboard in Resources */ = {isa = PBXBuildFile; fileRef = 5B0CE73026DDCD040065E1A9 /* Main.storyboard */; };
		5B0CE73426DDCD050065E1A9 /* Assets.xcassets in Resources */ = {isa = PBXBuildFile; fileRef = 5B0CE73326DDCD050065E1A9 /* Assets.xcassets */; };
		5B0CE73726DDCD050065E1A9 /* LaunchScreen.storyboard in Resources */ = {isa = PBXBuildFile; fileRef = 5B0CE73526DDCD050065E1A9 /* LaunchScreen.storyboard */; };
		5B0CE74126DDCD350065E1A9 /* CloudKit.framework in Frameworks */ = {isa = PBXBuildFile; fileRef = 5B0CE74026DDCD350065E1A9 /* CloudKit.framework */; };
		5B0CE74326DDCEA00065E1A9 /* SingleHabitViewController.swift in Sources */ = {isa = PBXBuildFile; fileRef = 5B0CE74226DDCEA00065E1A9 /* SingleHabitViewController.swift */; };
		5B0CE74626DDCFEA0065E1A9 /* HabitsViewController.swift in Sources */ = {isa = PBXBuildFile; fileRef = 5B0CE74526DDCFEA0065E1A9 /* HabitsViewController.swift */; };
		5B0CE74A26DDD1250065E1A9 /* HabitTableViewCell.swift in Sources */ = {isa = PBXBuildFile; fileRef = 5B0CE74926DDD1250065E1A9 /* HabitTableViewCell.swift */; };
		5B1A9A7626E0109A0001F3CF /* CreateOrEditHabitViewController.swift in Sources */ = {isa = PBXBuildFile; fileRef = 5B1A9A7526E0109A0001F3CF /* CreateOrEditHabitViewController.swift */; };
		5B1A9A7826E145CA0001F3CF /* Habit.swift in Sources */ = {isa = PBXBuildFile; fileRef = 5B1A9A7726E145CA0001F3CF /* Habit.swift */; };
		5B1A9A7B26E1470C0001F3CF /* CloudKitHelper.swift in Sources */ = {isa = PBXBuildFile; fileRef = 5B1A9A7A26E1470C0001F3CF /* CloudKitHelper.swift */; };
		5B27FC6C26ED39B200C917D9 /* CustomTextField.swift in Sources */ = {isa = PBXBuildFile; fileRef = 5B27FC6B26ED39B200C917D9 /* CustomTextField.swift */; };
		5B27FC6E26ED3E2700C917D9 /* UITextView.swift in Sources */ = {isa = PBXBuildFile; fileRef = 5B27FC6D26ED3E2700C917D9 /* UITextView.swift */; };
		5B27FC7226EDA68600C917D9 /* DaysOfWeekCollectionViewCell.swift in Sources */ = {isa = PBXBuildFile; fileRef = 5B27FC7126EDA68600C917D9 /* DaysOfWeekCollectionViewCell.swift */; };
		5B27FC7626EDBAF600C917D9 /* DayOfWeek.swift in Sources */ = {isa = PBXBuildFile; fileRef = 5B27FC7526EDBAF600C917D9 /* DayOfWeek.swift */; };
		5B27FC7926EEB8E100C917D9 /* CropImage.swift in Sources */ = {isa = PBXBuildFile; fileRef = 5B27FC7826EEB8E000C917D9 /* CropImage.swift */; };
		5B27FC7D26F13EDE00C917D9 /* PhotoGalleryViewController.swift in Sources */ = {isa = PBXBuildFile; fileRef = 5B27FC7C26F13EDE00C917D9 /* PhotoGalleryViewController.swift */; };
		5B27FC7F26F1424000C917D9 /* RetrospectiveViewController.swift in Sources */ = {isa = PBXBuildFile; fileRef = 5B27FC7E26F1423F00C917D9 /* RetrospectiveViewController.swift */; };
		5B27FC8126F2A98200C917D9 /* UsersParticipatingListViewController.swift in Sources */ = {isa = PBXBuildFile; fileRef = 5B27FC8026F2A98100C917D9 /* UsersParticipatingListViewController.swift */; };
		5B27FC8326F2AB0100C917D9 /* UsersParticipatingTableViewCell.swift in Sources */ = {isa = PBXBuildFile; fileRef = 5B27FC8226F2AB0100C917D9 /* UsersParticipatingTableViewCell.swift */; };
		5B2D539726E6D6D200558BDD /* CheckinViewController.swift in Sources */ = {isa = PBXBuildFile; fileRef = 5B2D539626E6D6D200558BDD /* CheckinViewController.swift */; };
		5B2D539926E6FEDA00558BDD /* Checkin.swift in Sources */ = {isa = PBXBuildFile; fileRef = 5B2D539826E6FEDA00558BDD /* Checkin.swift */; };
		5B2D539B26E6FF4100558BDD /* User.swift in Sources */ = {isa = PBXBuildFile; fileRef = 5B2D539A26E6FF4100558BDD /* User.swift */; };
		5B2D539D26E86DC800558BDD /* PopUpViewController.swift in Sources */ = {isa = PBXBuildFile; fileRef = 5B2D539C26E86DC800558BDD /* PopUpViewController.swift */; };
		5B2E5F1126F2EDB600BEAE3D /* Audio1.mp3 in Resources */ = {isa = PBXBuildFile; fileRef = 5B2E5F1026F2EDB600BEAE3D /* Audio1.mp3 */; };
		6A47017C35D818D27B4D8171 /* Pods_PersonalEvolution.framework in Frameworks */ = {isa = PBXBuildFile; fileRef = 50871E6C2BE27C6EB91AAC09 /* Pods_PersonalEvolution.framework */; };
		EC71C83526F26FA80010F929 /* GalleryCollectionViewCell.swift in Sources */ = {isa = PBXBuildFile; fileRef = EC71C83426F26FA80010F929 /* GalleryCollectionViewCell.swift */; };
/* End PBXBuildFile section */

/* Begin PBXFileReference section */
		0E4FF3AB26EA439B00437262 /* EvolutionViewController.swift */ = {isa = PBXFileReference; lastKnownFileType = sourcecode.swift; path = EvolutionViewController.swift; sourceTree = "<group>"; };
		0E85D58826E9587B001A814F /* DayCollectionViewCell.swift */ = {isa = PBXFileReference; lastKnownFileType = sourcecode.swift; path = DayCollectionViewCell.swift; sourceTree = "<group>"; };
		0E85D58A26E958F1001A814F /* Day.swift */ = {isa = PBXFileReference; lastKnownFileType = sourcecode.swift; path = Day.swift; sourceTree = "<group>"; };
		0E98C18F26E1577A00C6FFF8 /* Month.swift */ = {isa = PBXFileReference; lastKnownFileType = sourcecode.swift; path = Month.swift; sourceTree = "<group>"; };
		0E98C19126E158A400C6FFF8 /* DashboardViewController.swift */ = {isa = PBXFileReference; lastKnownFileType = sourcecode.swift; path = DashboardViewController.swift; sourceTree = "<group>"; };
		0E98C19326E163AF00C6FFF8 /* MonthCollectionViewCell.swift */ = {isa = PBXFileReference; lastKnownFileType = sourcecode.swift; path = MonthCollectionViewCell.swift; sourceTree = "<group>"; };
		0E98C19526E25DAD00C6FFF8 /* DashboardHabitTableViewCell.swift */ = {isa = PBXFileReference; lastKnownFileType = sourcecode.swift; path = DashboardHabitTableViewCell.swift; sourceTree = "<group>"; };
		4516008CEF580DC2A9A4A3E1 /* Pods-PersonalEvolution.debug.xcconfig */ = {isa = PBXFileReference; includeInIndex = 1; lastKnownFileType = text.xcconfig; name = "Pods-PersonalEvolution.debug.xcconfig"; path = "Target Support Files/Pods-PersonalEvolution/Pods-PersonalEvolution.debug.xcconfig"; sourceTree = "<group>"; };
		50871E6C2BE27C6EB91AAC09 /* Pods_PersonalEvolution.framework */ = {isa = PBXFileReference; explicitFileType = wrapper.framework; includeInIndex = 0; path = Pods_PersonalEvolution.framework; sourceTree = BUILT_PRODUCTS_DIR; };
		5B0CE72726DDCD040065E1A9 /* PersonalEvolution.app */ = {isa = PBXFileReference; explicitFileType = wrapper.application; includeInIndex = 0; path = PersonalEvolution.app; sourceTree = BUILT_PRODUCTS_DIR; };
		5B0CE72A26DDCD040065E1A9 /* AppDelegate.swift */ = {isa = PBXFileReference; lastKnownFileType = sourcecode.swift; path = AppDelegate.swift; sourceTree = "<group>"; };
		5B0CE72C26DDCD040065E1A9 /* SceneDelegate.swift */ = {isa = PBXFileReference; lastKnownFileType = sourcecode.swift; path = SceneDelegate.swift; sourceTree = "<group>"; };
		5B0CE73126DDCD040065E1A9 /* Base */ = {isa = PBXFileReference; lastKnownFileType = file.storyboard; name = Base; path = Base.lproj/Main.storyboard; sourceTree = "<group>"; };
		5B0CE73326DDCD050065E1A9 /* Assets.xcassets */ = {isa = PBXFileReference; lastKnownFileType = folder.assetcatalog; path = Assets.xcassets; sourceTree = "<group>"; };
		5B0CE73626DDCD050065E1A9 /* Base */ = {isa = PBXFileReference; lastKnownFileType = file.storyboard; name = Base; path = Base.lproj/LaunchScreen.storyboard; sourceTree = "<group>"; };
		5B0CE73826DDCD050065E1A9 /* Info.plist */ = {isa = PBXFileReference; lastKnownFileType = text.plist.xml; path = Info.plist; sourceTree = "<group>"; };
		5B0CE73E26DDCD2F0065E1A9 /* PersonalEvolution.entitlements */ = {isa = PBXFileReference; lastKnownFileType = text.plist.entitlements; path = PersonalEvolution.entitlements; sourceTree = "<group>"; };
		5B0CE74026DDCD350065E1A9 /* CloudKit.framework */ = {isa = PBXFileReference; lastKnownFileType = wrapper.framework; name = CloudKit.framework; path = System/Library/Frameworks/CloudKit.framework; sourceTree = SDKROOT; };
		5B0CE74226DDCEA00065E1A9 /* SingleHabitViewController.swift */ = {isa = PBXFileReference; lastKnownFileType = sourcecode.swift; path = SingleHabitViewController.swift; sourceTree = "<group>"; };
		5B0CE74526DDCFEA0065E1A9 /* HabitsViewController.swift */ = {isa = PBXFileReference; lastKnownFileType = sourcecode.swift; path = HabitsViewController.swift; sourceTree = "<group>"; };
		5B0CE74926DDD1250065E1A9 /* HabitTableViewCell.swift */ = {isa = PBXFileReference; lastKnownFileType = sourcecode.swift; path = HabitTableViewCell.swift; sourceTree = "<group>"; };
		5B1A9A7526E0109A0001F3CF /* CreateOrEditHabitViewController.swift */ = {isa = PBXFileReference; lastKnownFileType = sourcecode.swift; path = CreateOrEditHabitViewController.swift; sourceTree = "<group>"; };
		5B1A9A7726E145CA0001F3CF /* Habit.swift */ = {isa = PBXFileReference; lastKnownFileType = sourcecode.swift; path = Habit.swift; sourceTree = "<group>"; };
		5B1A9A7A26E1470C0001F3CF /* CloudKitHelper.swift */ = {isa = PBXFileReference; lastKnownFileType = sourcecode.swift; path = CloudKitHelper.swift; sourceTree = "<group>"; };
		5B27FC6B26ED39B200C917D9 /* CustomTextField.swift */ = {isa = PBXFileReference; lastKnownFileType = sourcecode.swift; path = CustomTextField.swift; sourceTree = "<group>"; };
		5B27FC6D26ED3E2700C917D9 /* UITextView.swift */ = {isa = PBXFileReference; lastKnownFileType = sourcecode.swift; path = UITextView.swift; sourceTree = "<group>"; };
		5B27FC7126EDA68600C917D9 /* DaysOfWeekCollectionViewCell.swift */ = {isa = PBXFileReference; lastKnownFileType = sourcecode.swift; path = DaysOfWeekCollectionViewCell.swift; sourceTree = "<group>"; };
		5B27FC7526EDBAF600C917D9 /* DayOfWeek.swift */ = {isa = PBXFileReference; lastKnownFileType = sourcecode.swift; path = DayOfWeek.swift; sourceTree = "<group>"; };
		5B27FC7826EEB8E000C917D9 /* CropImage.swift */ = {isa = PBXFileReference; lastKnownFileType = sourcecode.swift; path = CropImage.swift; sourceTree = "<group>"; };
		5B27FC7C26F13EDE00C917D9 /* PhotoGalleryViewController.swift */ = {isa = PBXFileReference; lastKnownFileType = sourcecode.swift; path = PhotoGalleryViewController.swift; sourceTree = "<group>"; };
		5B27FC7E26F1423F00C917D9 /* RetrospectiveViewController.swift */ = {isa = PBXFileReference; lastKnownFileType = sourcecode.swift; path = RetrospectiveViewController.swift; sourceTree = "<group>"; };
		5B27FC8026F2A98100C917D9 /* UsersParticipatingListViewController.swift */ = {isa = PBXFileReference; lastKnownFileType = sourcecode.swift; path = UsersParticipatingListViewController.swift; sourceTree = "<group>"; };
		5B27FC8226F2AB0100C917D9 /* UsersParticipatingTableViewCell.swift */ = {isa = PBXFileReference; lastKnownFileType = sourcecode.swift; path = UsersParticipatingTableViewCell.swift; sourceTree = "<group>"; };
		5B2D539626E6D6D200558BDD /* CheckinViewController.swift */ = {isa = PBXFileReference; lastKnownFileType = sourcecode.swift; path = CheckinViewController.swift; sourceTree = "<group>"; };
		5B2D539826E6FEDA00558BDD /* Checkin.swift */ = {isa = PBXFileReference; lastKnownFileType = sourcecode.swift; path = Checkin.swift; sourceTree = "<group>"; };
		5B2D539A26E6FF4100558BDD /* User.swift */ = {isa = PBXFileReference; lastKnownFileType = sourcecode.swift; path = User.swift; sourceTree = "<group>"; };
		5B2D539C26E86DC800558BDD /* PopUpViewController.swift */ = {isa = PBXFileReference; lastKnownFileType = sourcecode.swift; path = PopUpViewController.swift; sourceTree = "<group>"; };
		5B2E5F1026F2EDB600BEAE3D /* Audio1.mp3 */ = {isa = PBXFileReference; lastKnownFileType = audio.mp3; name = Audio1.mp3; path = ../../../../../Downloads/Audio1.mp3; sourceTree = "<group>"; };
		8BAE0C3BCDF072B7B5D56EDD /* Pods-PersonalEvolution.release.xcconfig */ = {isa = PBXFileReference; includeInIndex = 1; lastKnownFileType = text.xcconfig; name = "Pods-PersonalEvolution.release.xcconfig"; path = "Target Support Files/Pods-PersonalEvolution/Pods-PersonalEvolution.release.xcconfig"; sourceTree = "<group>"; };
		EC71C83426F26FA80010F929 /* GalleryCollectionViewCell.swift */ = {isa = PBXFileReference; lastKnownFileType = sourcecode.swift; path = GalleryCollectionViewCell.swift; sourceTree = "<group>"; };
/* End PBXFileReference section */

/* Begin PBXFrameworksBuildPhase section */
		5B0CE72426DDCD040065E1A9 /* Frameworks */ = {
			isa = PBXFrameworksBuildPhase;
			buildActionMask = 2147483647;
			files = (
				5B0CE74126DDCD350065E1A9 /* CloudKit.framework in Frameworks */,
				6A47017C35D818D27B4D8171 /* Pods_PersonalEvolution.framework in Frameworks */,
			);
			runOnlyForDeploymentPostprocessing = 0;
		};
/* End PBXFrameworksBuildPhase section */

/* Begin PBXGroup section */
		5B0CE71E26DDCD040065E1A9 = {
			isa = PBXGroup;
			children = (
				5B0CE72926DDCD040065E1A9 /* PersonalEvolution */,
				5B0CE72826DDCD040065E1A9 /* Products */,
				5B0CE73F26DDCD350065E1A9 /* Frameworks */,
				8FD78B2C48E638FB3E632D15 /* Pods */,
			);
			sourceTree = "<group>";
		};
		5B0CE72826DDCD040065E1A9 /* Products */ = {
			isa = PBXGroup;
			children = (
				5B0CE72726DDCD040065E1A9 /* PersonalEvolution.app */,
			);
			name = Products;
			sourceTree = "<group>";
		};
		5B0CE72926DDCD040065E1A9 /* PersonalEvolution */ = {
			isa = PBXGroup;
			children = (
				5B2E5F1026F2EDB600BEAE3D /* Audio1.mp3 */,
				5B27FC7726EEB8B200C917D9 /* utils */,
				5B1A9A7926E146FA0001F3CF /* service */,
				5B0CE74826DDD0E70065E1A9 /* models */,
				5B0CE74726DDD0E00065E1A9 /* views */,
				5B0CE74426DDCEF20065E1A9 /* controllers */,
				5B0CE73E26DDCD2F0065E1A9 /* PersonalEvolution.entitlements */,
				5B0CE72A26DDCD040065E1A9 /* AppDelegate.swift */,
				5B0CE72C26DDCD040065E1A9 /* SceneDelegate.swift */,
				5B0CE73026DDCD040065E1A9 /* Main.storyboard */,
				5B0CE73326DDCD050065E1A9 /* Assets.xcassets */,
				5B0CE73526DDCD050065E1A9 /* LaunchScreen.storyboard */,
				5B0CE73826DDCD050065E1A9 /* Info.plist */,
			);
			path = PersonalEvolution;
			sourceTree = "<group>";
		};
		5B0CE73F26DDCD350065E1A9 /* Frameworks */ = {
			isa = PBXGroup;
			children = (
				5B0CE74026DDCD350065E1A9 /* CloudKit.framework */,
				50871E6C2BE27C6EB91AAC09 /* Pods_PersonalEvolution.framework */,
			);
			name = Frameworks;
			sourceTree = "<group>";
		};
		5B0CE74426DDCEF20065E1A9 /* controllers */ = {
			isa = PBXGroup;
			children = (
				5B0CE74226DDCEA00065E1A9 /* SingleHabitViewController.swift */,
				5B0CE74526DDCFEA0065E1A9 /* HabitsViewController.swift */,
				5B1A9A7526E0109A0001F3CF /* CreateOrEditHabitViewController.swift */,
				5B2D539626E6D6D200558BDD /* CheckinViewController.swift */,
				5B2D539C26E86DC800558BDD /* PopUpViewController.swift */,
				0E98C19126E158A400C6FFF8 /* DashboardViewController.swift */,
				0E4FF3AB26EA439B00437262 /* EvolutionViewController.swift */,
				5B27FC7C26F13EDE00C917D9 /* PhotoGalleryViewController.swift */,
				5B27FC7E26F1423F00C917D9 /* RetrospectiveViewController.swift */,
				5B27FC8026F2A98100C917D9 /* UsersParticipatingListViewController.swift */,
			);
			path = controllers;
			sourceTree = "<group>";
		};
		5B0CE74726DDD0E00065E1A9 /* views */ = {
			isa = PBXGroup;
			children = (
				5B0CE74926DDD1250065E1A9 /* HabitTableViewCell.swift */,
				0E98C19326E163AF00C6FFF8 /* MonthCollectionViewCell.swift */,
				0E98C19526E25DAD00C6FFF8 /* DashboardHabitTableViewCell.swift */,
				0E85D58826E9587B001A814F /* DayCollectionViewCell.swift */,
				5B27FC6B26ED39B200C917D9 /* CustomTextField.swift */,
				5B27FC6D26ED3E2700C917D9 /* UITextView.swift */,
				5B27FC7126EDA68600C917D9 /* DaysOfWeekCollectionViewCell.swift */,
				EC71C83426F26FA80010F929 /* GalleryCollectionViewCell.swift */,
				5B27FC8226F2AB0100C917D9 /* UsersParticipatingTableViewCell.swift */,
			);
			path = views;
			sourceTree = "<group>";
		};
		5B0CE74826DDD0E70065E1A9 /* models */ = {
			isa = PBXGroup;
			children = (
				5B1A9A7726E145CA0001F3CF /* Habit.swift */,
				5B2D539826E6FEDA00558BDD /* Checkin.swift */,
				5B2D539A26E6FF4100558BDD /* User.swift */,
				0E85D58A26E958F1001A814F /* Day.swift */,
				0E98C18F26E1577A00C6FFF8 /* Month.swift */,
				5B27FC7526EDBAF600C917D9 /* DayOfWeek.swift */,
			);
			path = models;
			sourceTree = "<group>";
		};
		5B1A9A7926E146FA0001F3CF /* service */ = {
			isa = PBXGroup;
			children = (
				5B1A9A7A26E1470C0001F3CF /* CloudKitHelper.swift */,
			);
			path = service;
			sourceTree = "<group>";
		};
		5B27FC7726EEB8B200C917D9 /* utils */ = {
			isa = PBXGroup;
			children = (
				5B27FC7826EEB8E000C917D9 /* CropImage.swift */,
			);
			path = utils;
			sourceTree = "<group>";
		};
		8FD78B2C48E638FB3E632D15 /* Pods */ = {
			isa = PBXGroup;
			children = (
				4516008CEF580DC2A9A4A3E1 /* Pods-PersonalEvolution.debug.xcconfig */,
				8BAE0C3BCDF072B7B5D56EDD /* Pods-PersonalEvolution.release.xcconfig */,
			);
			path = Pods;
			sourceTree = "<group>";
		};
/* End PBXGroup section */

/* Begin PBXNativeTarget section */
		5B0CE72626DDCD040065E1A9 /* PersonalEvolution */ = {
			isa = PBXNativeTarget;
			buildConfigurationList = 5B0CE73B26DDCD050065E1A9 /* Build configuration list for PBXNativeTarget "PersonalEvolution" */;
			buildPhases = (
				FC9A2CC04916FAB957FA3177 /* [CP] Check Pods Manifest.lock */,
				5B0CE72326DDCD040065E1A9 /* Sources */,
				5B0CE72426DDCD040065E1A9 /* Frameworks */,
				5B0CE72526DDCD040065E1A9 /* Resources */,
				19DDD3727BFC6BCBE3E904DD /* [CP] Embed Pods Frameworks */,
			);
			buildRules = (
			);
			dependencies = (
			);
			name = PersonalEvolution;
			productName = PersonalEvolution;
			productReference = 5B0CE72726DDCD040065E1A9 /* PersonalEvolution.app */;
			productType = "com.apple.product-type.application";
		};
/* End PBXNativeTarget section */

/* Begin PBXProject section */
		5B0CE71F26DDCD040065E1A9 /* Project object */ = {
			isa = PBXProject;
			attributes = {
				LastSwiftUpdateCheck = 1250;
				LastUpgradeCheck = 1250;
				TargetAttributes = {
					5B0CE72626DDCD040065E1A9 = {
						CreatedOnToolsVersion = 12.5.1;
					};
				};
			};
			buildConfigurationList = 5B0CE72226DDCD040065E1A9 /* Build configuration list for PBXProject "PersonalEvolution" */;
			compatibilityVersion = "Xcode 9.3";
			developmentRegion = en;
			hasScannedForEncodings = 0;
			knownRegions = (
				en,
				Base,
			);
			mainGroup = 5B0CE71E26DDCD040065E1A9;
			productRefGroup = 5B0CE72826DDCD040065E1A9 /* Products */;
			projectDirPath = "";
			projectRoot = "";
			targets = (
				5B0CE72626DDCD040065E1A9 /* PersonalEvolution */,
			);
		};
/* End PBXProject section */

/* Begin PBXResourcesBuildPhase section */
		5B0CE72526DDCD040065E1A9 /* Resources */ = {
			isa = PBXResourcesBuildPhase;
			buildActionMask = 2147483647;
			files = (
				5B0CE73726DDCD050065E1A9 /* LaunchScreen.storyboard in Resources */,
				5B0CE73426DDCD050065E1A9 /* Assets.xcassets in Resources */,
				5B0CE73226DDCD040065E1A9 /* Main.storyboard in Resources */,
				5B2E5F1126F2EDB600BEAE3D /* Audio1.mp3 in Resources */,
			);
			runOnlyForDeploymentPostprocessing = 0;
		};
/* End PBXResourcesBuildPhase section */

/* Begin PBXShellScriptBuildPhase section */
		19DDD3727BFC6BCBE3E904DD /* [CP] Embed Pods Frameworks */ = {
			isa = PBXShellScriptBuildPhase;
			buildActionMask = 2147483647;
			files = (
			);
			inputFileListPaths = (
				"${PODS_ROOT}/Target Support Files/Pods-PersonalEvolution/Pods-PersonalEvolution-frameworks-${CONFIGURATION}-input-files.xcfilelist",
			);
			name = "[CP] Embed Pods Frameworks";
			outputFileListPaths = (
				"${PODS_ROOT}/Target Support Files/Pods-PersonalEvolution/Pods-PersonalEvolution-frameworks-${CONFIGURATION}-output-files.xcfilelist",
			);
			runOnlyForDeploymentPostprocessing = 0;
			shellPath = /bin/sh;
			shellScript = "\"${PODS_ROOT}/Target Support Files/Pods-PersonalEvolution/Pods-PersonalEvolution-frameworks.sh\"\n";
			showEnvVarsInLog = 0;
		};
		FC9A2CC04916FAB957FA3177 /* [CP] Check Pods Manifest.lock */ = {
			isa = PBXShellScriptBuildPhase;
			buildActionMask = 2147483647;
			files = (
			);
			inputFileListPaths = (
			);
			inputPaths = (
				"${PODS_PODFILE_DIR_PATH}/Podfile.lock",
				"${PODS_ROOT}/Manifest.lock",
			);
			name = "[CP] Check Pods Manifest.lock";
			outputFileListPaths = (
			);
			outputPaths = (
				"$(DERIVED_FILE_DIR)/Pods-PersonalEvolution-checkManifestLockResult.txt",
			);
			runOnlyForDeploymentPostprocessing = 0;
			shellPath = /bin/sh;
			shellScript = "diff \"${PODS_PODFILE_DIR_PATH}/Podfile.lock\" \"${PODS_ROOT}/Manifest.lock\" > /dev/null\nif [ $? != 0 ] ; then\n    # print error to STDERR\n    echo \"error: The sandbox is not in sync with the Podfile.lock. Run 'pod install' or update your CocoaPods installation.\" >&2\n    exit 1\nfi\n# This output is used by Xcode 'outputs' to avoid re-running this script phase.\necho \"SUCCESS\" > \"${SCRIPT_OUTPUT_FILE_0}\"\n";
			showEnvVarsInLog = 0;
		};
/* End PBXShellScriptBuildPhase section */

/* Begin PBXSourcesBuildPhase section */
		5B0CE72326DDCD040065E1A9 /* Sources */ = {
			isa = PBXSourcesBuildPhase;
			buildActionMask = 2147483647;
			files = (
				5B0CE72B26DDCD040065E1A9 /* AppDelegate.swift in Sources */,
				0E98C19226E158A400C6FFF8 /* DashboardViewController.swift in Sources */,
				0E85D58B26E958F1001A814F /* Day.swift in Sources */,
				0E85D58926E9587B001A814F /* DayCollectionViewCell.swift in Sources */,
				5B27FC7226EDA68600C917D9 /* DaysOfWeekCollectionViewCell.swift in Sources */,
				5B27FC8126F2A98200C917D9 /* UsersParticipatingListViewController.swift in Sources */,
				5B0CE72D26DDCD040065E1A9 /* SceneDelegate.swift in Sources */,
				5B1A9A7626E0109A0001F3CF /* CreateOrEditHabitViewController.swift in Sources */,
				5B27FC6C26ED39B200C917D9 /* CustomTextField.swift in Sources */,
				5B27FC6E26ED3E2700C917D9 /* UITextView.swift in Sources */,
				5B27FC7926EEB8E100C917D9 /* CropImage.swift in Sources */,
				5B1A9A7826E145CA0001F3CF /* Habit.swift in Sources */,
				5B2D539726E6D6D200558BDD /* CheckinViewController.swift in Sources */,
				5B0CE74A26DDD1250065E1A9 /* HabitTableViewCell.swift in Sources */,
				0E4FF3AC26EA439B00437262 /* EvolutionViewController.swift in Sources */,
				5B27FC8326F2AB0100C917D9 /* UsersParticipatingTableViewCell.swift in Sources */,
				0E98C19026E1577A00C6FFF8 /* Month.swift in Sources */,
				0E98C19426E163AF00C6FFF8 /* MonthCollectionViewCell.swift in Sources */,
				EC71C83526F26FA80010F929 /* GalleryCollectionViewCell.swift in Sources */,
				5B0CE74326DDCEA00065E1A9 /* SingleHabitViewController.swift in Sources */,
				5B2D539D26E86DC800558BDD /* PopUpViewController.swift in Sources */,
				5B27FC7F26F1424000C917D9 /* RetrospectiveViewController.swift in Sources */,
				5B1A9A7B26E1470C0001F3CF /* CloudKitHelper.swift in Sources */,
				5B0CE74626DDCFEA0065E1A9 /* HabitsViewController.swift in Sources */,
				5B27FC7626EDBAF600C917D9 /* DayOfWeek.swift in Sources */,
				5B27FC7D26F13EDE00C917D9 /* PhotoGalleryViewController.swift in Sources */,
				5B2D539926E6FEDA00558BDD /* Checkin.swift in Sources */,
				5B2D539B26E6FF4100558BDD /* User.swift in Sources */,
				0E98C19626E25DAD00C6FFF8 /* DashboardHabitTableViewCell.swift in Sources */,
			);
			runOnlyForDeploymentPostprocessing = 0;
		};
/* End PBXSourcesBuildPhase section */

/* Begin PBXVariantGroup section */
		5B0CE73026DDCD040065E1A9 /* Main.storyboard */ = {
			isa = PBXVariantGroup;
			children = (
				5B0CE73126DDCD040065E1A9 /* Base */,
			);
			name = Main.storyboard;
			sourceTree = "<group>";
		};
		5B0CE73526DDCD050065E1A9 /* LaunchScreen.storyboard */ = {
			isa = PBXVariantGroup;
			children = (
				5B0CE73626DDCD050065E1A9 /* Base */,
			);
			name = LaunchScreen.storyboard;
			sourceTree = "<group>";
		};
/* End PBXVariantGroup section */

/* Begin XCBuildConfiguration section */
		5B0CE73926DDCD050065E1A9 /* Debug */ = {
			isa = XCBuildConfiguration;
			buildSettings = {
				ALWAYS_SEARCH_USER_PATHS = NO;
				CLANG_ANALYZER_NONNULL = YES;
				CLANG_ANALYZER_NUMBER_OBJECT_CONVERSION = YES_AGGRESSIVE;
				CLANG_CXX_LANGUAGE_STANDARD = "gnu++14";
				CLANG_CXX_LIBRARY = "libc++";
				CLANG_ENABLE_MODULES = YES;
				CLANG_ENABLE_OBJC_ARC = YES;
				CLANG_ENABLE_OBJC_WEAK = YES;
				CLANG_WARN_BLOCK_CAPTURE_AUTORELEASING = YES;
				CLANG_WARN_BOOL_CONVERSION = YES;
				CLANG_WARN_COMMA = YES;
				CLANG_WARN_CONSTANT_CONVERSION = YES;
				CLANG_WARN_DEPRECATED_OBJC_IMPLEMENTATIONS = YES;
				CLANG_WARN_DIRECT_OBJC_ISA_USAGE = YES_ERROR;
				CLANG_WARN_DOCUMENTATION_COMMENTS = YES;
				CLANG_WARN_EMPTY_BODY = YES;
				CLANG_WARN_ENUM_CONVERSION = YES;
				CLANG_WARN_INFINITE_RECURSION = YES;
				CLANG_WARN_INT_CONVERSION = YES;
				CLANG_WARN_NON_LITERAL_NULL_CONVERSION = YES;
				CLANG_WARN_OBJC_IMPLICIT_RETAIN_SELF = YES;
				CLANG_WARN_OBJC_LITERAL_CONVERSION = YES;
				CLANG_WARN_OBJC_ROOT_CLASS = YES_ERROR;
				CLANG_WARN_QUOTED_INCLUDE_IN_FRAMEWORK_HEADER = YES;
				CLANG_WARN_RANGE_LOOP_ANALYSIS = YES;
				CLANG_WARN_STRICT_PROTOTYPES = YES;
				CLANG_WARN_SUSPICIOUS_MOVE = YES;
				CLANG_WARN_UNGUARDED_AVAILABILITY = YES_AGGRESSIVE;
				CLANG_WARN_UNREACHABLE_CODE = YES;
				CLANG_WARN__DUPLICATE_METHOD_MATCH = YES;
				COPY_PHASE_STRIP = NO;
				DEBUG_INFORMATION_FORMAT = dwarf;
				ENABLE_STRICT_OBJC_MSGSEND = YES;
				ENABLE_TESTABILITY = YES;
				GCC_C_LANGUAGE_STANDARD = gnu11;
				GCC_DYNAMIC_NO_PIC = NO;
				GCC_NO_COMMON_BLOCKS = YES;
				GCC_OPTIMIZATION_LEVEL = 0;
				GCC_PREPROCESSOR_DEFINITIONS = (
					"DEBUG=1",
					"$(inherited)",
				);
				GCC_WARN_64_TO_32_BIT_CONVERSION = YES;
				GCC_WARN_ABOUT_RETURN_TYPE = YES_ERROR;
				GCC_WARN_UNDECLARED_SELECTOR = YES;
				GCC_WARN_UNINITIALIZED_AUTOS = YES_AGGRESSIVE;
				GCC_WARN_UNUSED_FUNCTION = YES;
				GCC_WARN_UNUSED_VARIABLE = YES;
				IPHONEOS_DEPLOYMENT_TARGET = 14.5;
				MTL_ENABLE_DEBUG_INFO = INCLUDE_SOURCE;
				MTL_FAST_MATH = YES;
				ONLY_ACTIVE_ARCH = YES;
				SDKROOT = iphoneos;
				SWIFT_ACTIVE_COMPILATION_CONDITIONS = DEBUG;
				SWIFT_OPTIMIZATION_LEVEL = "-Onone";
			};
			name = Debug;
		};
		5B0CE73A26DDCD050065E1A9 /* Release */ = {
			isa = XCBuildConfiguration;
			buildSettings = {
				ALWAYS_SEARCH_USER_PATHS = NO;
				CLANG_ANALYZER_NONNULL = YES;
				CLANG_ANALYZER_NUMBER_OBJECT_CONVERSION = YES_AGGRESSIVE;
				CLANG_CXX_LANGUAGE_STANDARD = "gnu++14";
				CLANG_CXX_LIBRARY = "libc++";
				CLANG_ENABLE_MODULES = YES;
				CLANG_ENABLE_OBJC_ARC = YES;
				CLANG_ENABLE_OBJC_WEAK = YES;
				CLANG_WARN_BLOCK_CAPTURE_AUTORELEASING = YES;
				CLANG_WARN_BOOL_CONVERSION = YES;
				CLANG_WARN_COMMA = YES;
				CLANG_WARN_CONSTANT_CONVERSION = YES;
				CLANG_WARN_DEPRECATED_OBJC_IMPLEMENTATIONS = YES;
				CLANG_WARN_DIRECT_OBJC_ISA_USAGE = YES_ERROR;
				CLANG_WARN_DOCUMENTATION_COMMENTS = YES;
				CLANG_WARN_EMPTY_BODY = YES;
				CLANG_WARN_ENUM_CONVERSION = YES;
				CLANG_WARN_INFINITE_RECURSION = YES;
				CLANG_WARN_INT_CONVERSION = YES;
				CLANG_WARN_NON_LITERAL_NULL_CONVERSION = YES;
				CLANG_WARN_OBJC_IMPLICIT_RETAIN_SELF = YES;
				CLANG_WARN_OBJC_LITERAL_CONVERSION = YES;
				CLANG_WARN_OBJC_ROOT_CLASS = YES_ERROR;
				CLANG_WARN_QUOTED_INCLUDE_IN_FRAMEWORK_HEADER = YES;
				CLANG_WARN_RANGE_LOOP_ANALYSIS = YES;
				CLANG_WARN_STRICT_PROTOTYPES = YES;
				CLANG_WARN_SUSPICIOUS_MOVE = YES;
				CLANG_WARN_UNGUARDED_AVAILABILITY = YES_AGGRESSIVE;
				CLANG_WARN_UNREACHABLE_CODE = YES;
				CLANG_WARN__DUPLICATE_METHOD_MATCH = YES;
				COPY_PHASE_STRIP = NO;
				DEBUG_INFORMATION_FORMAT = "dwarf-with-dsym";
				ENABLE_NS_ASSERTIONS = NO;
				ENABLE_STRICT_OBJC_MSGSEND = YES;
				GCC_C_LANGUAGE_STANDARD = gnu11;
				GCC_NO_COMMON_BLOCKS = YES;
				GCC_WARN_64_TO_32_BIT_CONVERSION = YES;
				GCC_WARN_ABOUT_RETURN_TYPE = YES_ERROR;
				GCC_WARN_UNDECLARED_SELECTOR = YES;
				GCC_WARN_UNINITIALIZED_AUTOS = YES_AGGRESSIVE;
				GCC_WARN_UNUSED_FUNCTION = YES;
				GCC_WARN_UNUSED_VARIABLE = YES;
				IPHONEOS_DEPLOYMENT_TARGET = 14.5;
				MTL_ENABLE_DEBUG_INFO = NO;
				MTL_FAST_MATH = YES;
				SDKROOT = iphoneos;
				SWIFT_COMPILATION_MODE = wholemodule;
				SWIFT_OPTIMIZATION_LEVEL = "-O";
				VALIDATE_PRODUCT = YES;
			};
			name = Release;
		};
		5B0CE73C26DDCD050065E1A9 /* Debug */ = {
			isa = XCBuildConfiguration;
			baseConfigurationReference = 4516008CEF580DC2A9A4A3E1 /* Pods-PersonalEvolution.debug.xcconfig */;
			buildSettings = {
				ASSETCATALOG_COMPILER_APPICON_NAME = AppIcon;
				ASSETCATALOG_COMPILER_GLOBAL_ACCENT_COLOR_NAME = AccentColor;
				CODE_SIGN_ENTITLEMENTS = PersonalEvolution/PersonalEvolution.entitlements;
				CODE_SIGN_STYLE = Automatic;
				DEVELOPMENT_TEAM = VWZ6P536SX;
				INFOPLIST_FILE = PersonalEvolution/Info.plist;
				LD_RUNPATH_SEARCH_PATHS = (
					"$(inherited)",
					"@executable_path/Frameworks",
				);
				PRODUCT_BUNDLE_IDENTIFIER = com.andrearns.PersonalEvolution;
				PRODUCT_NAME = "$(TARGET_NAME)";
				SWIFT_VERSION = 5.0;
				TARGETED_DEVICE_FAMILY = "1,2";
			};
			name = Debug;
		};
		5B0CE73D26DDCD050065E1A9 /* Release */ = {
			isa = XCBuildConfiguration;
			baseConfigurationReference = 8BAE0C3BCDF072B7B5D56EDD /* Pods-PersonalEvolution.release.xcconfig */;
			buildSettings = {
				ASSETCATALOG_COMPILER_APPICON_NAME = AppIcon;
				ASSETCATALOG_COMPILER_GLOBAL_ACCENT_COLOR_NAME = AccentColor;
				CODE_SIGN_ENTITLEMENTS = PersonalEvolution/PersonalEvolution.entitlements;
				CODE_SIGN_STYLE = Automatic;
				DEVELOPMENT_TEAM = VWZ6P536SX;
				INFOPLIST_FILE = PersonalEvolution/Info.plist;
				LD_RUNPATH_SEARCH_PATHS = (
					"$(inherited)",
					"@executable_path/Frameworks",
				);
				PRODUCT_BUNDLE_IDENTIFIER = com.andrearns.PersonalEvolution;
				PRODUCT_NAME = "$(TARGET_NAME)";
				SWIFT_VERSION = 5.0;
				TARGETED_DEVICE_FAMILY = "1,2";
			};
			name = Release;
		};
/* End XCBuildConfiguration section */

/* Begin XCConfigurationList section */
		5B0CE72226DDCD040065E1A9 /* Build configuration list for PBXProject "PersonalEvolution" */ = {
			isa = XCConfigurationList;
			buildConfigurations = (
				5B0CE73926DDCD050065E1A9 /* Debug */,
				5B0CE73A26DDCD050065E1A9 /* Release */,
			);
			defaultConfigurationIsVisible = 0;
			defaultConfigurationName = Release;
		};
		5B0CE73B26DDCD050065E1A9 /* Build configuration list for PBXNativeTarget "PersonalEvolution" */ = {
			isa = XCConfigurationList;
			buildConfigurations = (
				5B0CE73C26DDCD050065E1A9 /* Debug */,
				5B0CE73D26DDCD050065E1A9 /* Release */,
			);
			defaultConfigurationIsVisible = 0;
			defaultConfigurationName = Release;
		};
/* End XCConfigurationList section */
	};
	rootObject = 5B0CE71F26DDCD040065E1A9 /* Project object */;
}
